
Microsoft Visual Studio Solution File, Format Version 12.00
# Visual Studio Version 16
VisualStudioVersion = 16.0.31515.178
MinimumVisualStudioVersion = 10.0.40219.1
Project("{FAE04EC0-301F-11D3-BF4B-00C04F79EFBC}") = "Task10", "Task10\Task10.csproj", "{52204C6E-DF4A-4EB3-92A8-D03166A7D14E}"
EndProject
Project("{9A19103F-16F7-4668-BE54-9A1E7A4F7556}") = "LibraryLab10", "LibraryLab10\LibraryLab10.csproj", "{4957740E-8200-4C24-B177-AFBBFAB37F0D}"
EndProject
Project("{9A19103F-16F7-4668-BE54-9A1E7A4F7556}") = "l10", "l10\l10.csproj", "{8FB35D82-7751-4D66-9621-1580E7D7188D}"
EndProject
Project("{FAE04EC0-301F-11D3-BF4B-00C04F79EFBC}") = "UnitTestProject10", "UnitTestProject10\UnitTestProject10.csproj", "{FE89413A-E78C-4D63-BF4E-791604B13A32}"
EndProject
Global
	GlobalSection(SolutionConfigurationPlatforms) = preSolution
		Debug|Any CPU = Debug|Any CPU
		Release|Any CPU = Release|Any CPU
	EndGlobalSection
	GlobalSection(ProjectConfigurationPlatforms) = postSolution
		{52204C6E-DF4A-4EB3-92A8-D03166A7D14E}.Debug|Any CPU.ActiveCfg = Debug|Any CPU
		{52204C6E-DF4A-4EB3-92A8-D03166A7D14E}.Debug|Any CPU.Build.0 = Debug|Any CPU
		{52204C6E-DF4A-4EB3-92A8-D03166A7D14E}.Release|Any CPU.ActiveCfg = Release|Any CPU
		{52204C6E-DF4A-4EB3-92A8-D03166A7D14E}.Release|Any CPU.Build.0 = Release|Any CPU
		{4957740E-8200-4C24-B177-AFBBFAB37F0D}.Debug|Any CPU.ActiveCfg = Debug|Any CPU
		{4957740E-8200-4C24-B177-AFBBFAB37F0D}.Debug|Any CPU.Build.0 = Debug|Any CPU
		{4957740E-8200-4C24-B177-AFBBFAB37F0D}.Release|Any CPU.ActiveCfg = Release|Any CPU
		{4957740E-8200-4C24-B177-AFBBFAB37F0D}.Release|Any CPU.Build.0 = Release|Any CPU
		{8FB35D82-7751-4D66-9621-1580E7D7188D}.Debug|Any CPU.ActiveCfg = Debug|Any CPU
		{8FB35D82-7751-4D66-9621-1580E7D7188D}.Debug|Any CPU.Build.0 = Debug|Any CPU
		{8FB35D82-7751-4D66-9621-1580E7D7188D}.Release|Any CPU.ActiveCfg = Release|Any CPU
		{8FB35D82-7751-4D66-9621-1580E7D7188D}.Release|Any CPU.Build.0 = Release|Any CPU
		{FE89413A-E78C-4D63-BF4E-791604B13A32}.Debug|Any CPU.ActiveCfg = Debug|Any CPU
		{FE89413A-E78C-4D63-BF4E-791604B13A32}.Debug|Any CPU.Build.0 = Debug|Any CPU
		{FE89413A-E78C-4D63-BF4E-791604B13A32}.Release|Any CPU.ActiveCfg = Release|Any CPU
		{FE89413A-E78C-4D63-BF4E-791604B13A32}.Release|Any CPU.Build.0 = Release|Any CPU
	EndGlobalSection
	GlobalSection(SolutionProperties) = preSolution
		HideSolutionNode = FALSE
	EndGlobalSection
	GlobalSection(ExtensibilityGlobals) = postSolution
		SolutionGuid = {CBE05615-8747-41AF-8F0D-CE400CF56078}
	EndGlobalSection
EndGlobal
